
Microsoft Visual Studio Solution File, Format Version 12.00
# Visual Studio Version 17
VisualStudioVersion = 17.0.31903.59
MinimumVisualStudioVersion = 10.0.40219.1
Project("{2150E333-8FDC-42A3-9474-1A3956D46DE8}") = "src", "src", "{827E0CD3-B72D-47B6-A68D-7590B98EB39B}"
EndProject
Project("{FAE04EC0-301F-11D3-BF4B-00C04F79EFBC}") = "Domain", "src\Domain\Domain.csproj", "{ACC35938-B4C6-4368-8A62-61564540C273}"
EndProject
Project("{FAE04EC0-301F-11D3-BF4B-00C04F79EFBC}") = "Application", "src\Application\Application.csproj", "{E66E491D-E168-4FD5-8405-2D9706EEEE79}"
EndProject
Project("{FAE04EC0-301F-11D3-BF4B-00C04F79EFBC}") = "Infrastructure", "src\Infrastructure\Infrastructure.csproj", "{9456F460-1051-48B6-930D-C79B800D097F}"
EndProject
Project("{FAE04EC0-301F-11D3-BF4B-00C04F79EFBC}") = "WebApi", "src\WebApi\WebApi.csproj", "{A664D39C-43DB-4CF8-8CCC-14C7B9308485}"
EndProject
Project("{2150E333-8FDC-42A3-9474-1A3956D46DE8}") = "tools", "tools", "{07C2787E-EAC7-C090-1BA3-A61EC2A24D84}"
EndProject
Project("{FAE04EC0-301F-11D3-BF4B-00C04F79EFBC}") = "AppHost", "tools\AppHost\AppHost.csproj", "{C03C5485-947A-43E9-9ACD-AD3C7DF60425}"
EndProject
Project("{FAE04EC0-301F-11D3-BF4B-00C04F79EFBC}") = "MigrationService", "tools\MigrationService\MigrationService.csproj", "{E0958F1C-6EE4-4DBC-8857-A46CB531CB11}"
EndProject
Project("{FAE04EC0-301F-11D3-BF4B-00C04F79EFBC}") = "FakeDatadogApi", "tools\FakeDatadogApi\FakeDatadogApi.csproj", "{2F6B8F08-425E-4EF9-930A-87B85233EB68}"
EndProject
Project("{FAE04EC0-301F-11D3-BF4B-00C04F79EFBC}") = "ServiceDefaults", "src\ServiceDefaults\ServiceDefaults.csproj", "{761F1359-2923-4032-8B2F-A7D313AEDB81}"
EndProject
Global
	GlobalSection(SolutionConfigurationPlatforms) = preSolution
		Debug|Any CPU = Debug|Any CPU
		Debug|x64 = Debug|x64
		Debug|x86 = Debug|x86
		Release|Any CPU = Release|Any CPU
		Release|x64 = Release|x64
		Release|x86 = Release|x86
	EndGlobalSection
	GlobalSection(ProjectConfigurationPlatforms) = postSolution
		{ACC35938-B4C6-4368-8A62-61564540C273}.Debug|Any CPU.ActiveCfg = Debug|Any CPU
		{ACC35938-B4C6-4368-8A62-61564540C273}.Debug|Any CPU.Build.0 = Debug|Any CPU
		{ACC35938-B4C6-4368-8A62-61564540C273}.Debug|x64.ActiveCfg = Debug|Any CPU
		{ACC35938-B4C6-4368-8A62-61564540C273}.Debug|x64.Build.0 = Debug|Any CPU
		{ACC35938-B4C6-4368-8A62-61564540C273}.Debug|x86.ActiveCfg = Debug|Any CPU
		{ACC35938-B4C6-4368-8A62-61564540C273}.Debug|x86.Build.0 = Debug|Any CPU
		{ACC35938-B4C6-4368-8A62-61564540C273}.Release|Any CPU.ActiveCfg = Release|Any CPU
		{ACC35938-B4C6-4368-8A62-61564540C273}.Release|Any CPU.Build.0 = Release|Any CPU
		{ACC35938-B4C6-4368-8A62-61564540C273}.Release|x64.ActiveCfg = Release|Any CPU
		{ACC35938-B4C6-4368-8A62-61564540C273}.Release|x64.Build.0 = Release|Any CPU
		{ACC35938-B4C6-4368-8A62-61564540C273}.Release|x86.ActiveCfg = Release|Any CPU
		{ACC35938-B4C6-4368-8A62-61564540C273}.Release|x86.Build.0 = Release|Any CPU
		{E66E491D-E168-4FD5-8405-2D9706EEEE79}.Debug|Any CPU.ActiveCfg = Debug|Any CPU
		{E66E491D-E168-4FD5-8405-2D9706EEEE79}.Debug|Any CPU.Build.0 = Debug|Any CPU
		{E66E491D-E168-4FD5-8405-2D9706EEEE79}.Debug|x64.ActiveCfg = Debug|Any CPU
		{E66E491D-E168-4FD5-8405-2D9706EEEE79}.Debug|x64.Build.0 = Debug|Any CPU
		{E66E491D-E168-4FD5-8405-2D9706EEEE79}.Debug|x86.ActiveCfg = Debug|Any CPU
		{E66E491D-E168-4FD5-8405-2D9706EEEE79}.Debug|x86.Build.0 = Debug|Any CPU
		{E66E491D-E168-4FD5-8405-2D9706EEEE79}.Release|Any CPU.ActiveCfg = Release|Any CPU
		{E66E491D-E168-4FD5-8405-2D9706EEEE79}.Release|Any CPU.Build.0 = Release|Any CPU
		{E66E491D-E168-4FD5-8405-2D9706EEEE79}.Release|x64.ActiveCfg = Release|Any CPU
		{E66E491D-E168-4FD5-8405-2D9706EEEE79}.Release|x64.Build.0 = Release|Any CPU
		{E66E491D-E168-4FD5-8405-2D9706EEEE79}.Release|x86.ActiveCfg = Release|Any CPU
		{E66E491D-E168-4FD5-8405-2D9706EEEE79}.Release|x86.Build.0 = Release|Any CPU
		{9456F460-1051-48B6-930D-C79B800D097F}.Debug|Any CPU.ActiveCfg = Debug|Any CPU
		{9456F460-1051-48B6-930D-C79B800D097F}.Debug|Any CPU.Build.0 = Debug|Any CPU
		{9456F460-1051-48B6-930D-C79B800D097F}.Debug|x64.ActiveCfg = Debug|Any CPU
		{9456F460-1051-48B6-930D-C79B800D097F}.Debug|x64.Build.0 = Debug|Any CPU
		{9456F460-1051-48B6-930D-C79B800D097F}.Debug|x86.ActiveCfg = Debug|Any CPU
		{9456F460-1051-48B6-930D-C79B800D097F}.Debug|x86.Build.0 = Debug|Any CPU
		{9456F460-1051-48B6-930D-C79B800D097F}.Release|Any CPU.ActiveCfg = Release|Any CPU
		{9456F460-1051-48B6-930D-C79B800D097F}.Release|Any CPU.Build.0 = Release|Any CPU
		{9456F460-1051-48B6-930D-C79B800D097F}.Release|x64.ActiveCfg = Release|Any CPU
		{9456F460-1051-48B6-930D-C79B800D097F}.Release|x64.Build.0 = Release|Any CPU
		{9456F460-1051-48B6-930D-C79B800D097F}.Release|x86.ActiveCfg = Release|Any CPU
		{9456F460-1051-48B6-930D-C79B800D097F}.Release|x86.Build.0 = Release|Any CPU
		{A664D39C-43DB-4CF8-8CCC-14C7B9308485}.Debug|Any CPU.ActiveCfg = Debug|Any CPU
		{A664D39C-43DB-4CF8-8CCC-14C7B9308485}.Debug|Any CPU.Build.0 = Debug|Any CPU
		{A664D39C-43DB-4CF8-8CCC-14C7B9308485}.Debug|x64.ActiveCfg = Debug|Any CPU
		{A664D39C-43DB-4CF8-8CCC-14C7B9308485}.Debug|x64.Build.0 = Debug|Any CPU
		{A664D39C-43DB-4CF8-8CCC-14C7B9308485}.Debug|x86.ActiveCfg = Debug|Any CPU
		{A664D39C-43DB-4CF8-8CCC-14C7B9308485}.Debug|x86.Build.0 = Debug|Any CPU
		{A664D39C-43DB-4CF8-8CCC-14C7B9308485}.Release|Any CPU.ActiveCfg = Release|Any CPU
		{A664D39C-43DB-4CF8-8CCC-14C7B9308485}.Release|Any CPU.Build.0 = Release|Any CPU
		{A664D39C-43DB-4CF8-8CCC-14C7B9308485}.Release|x64.ActiveCfg = Release|Any CPU
		{A664D39C-43DB-4CF8-8CCC-14C7B9308485}.Release|x64.Build.0 = Release|Any CPU
		{A664D39C-43DB-4CF8-8CCC-14C7B9308485}.Release|x86.ActiveCfg = Release|Any CPU
		{A664D39C-43DB-4CF8-8CCC-14C7B9308485}.Release|x86.Build.0 = Release|Any CPU
		{C03C5485-947A-43E9-9ACD-AD3C7DF60425}.Debug|Any CPU.ActiveCfg = Debug|Any CPU
		{C03C5485-947A-43E9-9ACD-AD3C7DF60425}.Debug|Any CPU.Build.0 = Debug|Any CPU
		{C03C5485-947A-43E9-9ACD-AD3C7DF60425}.Debug|x64.ActiveCfg = Debug|Any CPU
		{C03C5485-947A-43E9-9ACD-AD3C7DF60425}.Debug|x64.Build.0 = Debug|Any CPU
		{C03C5485-947A-43E9-9ACD-AD3C7DF60425}.Debug|x86.ActiveCfg = Debug|Any CPU
		{C03C5485-947A-43E9-9ACD-AD3C7DF60425}.Debug|x86.Build.0 = Debug|Any CPU
		{C03C5485-947A-43E9-9ACD-AD3C7DF60425}.Release|Any CPU.ActiveCfg = Release|Any CPU
		{C03C5485-947A-43E9-9ACD-AD3C7DF60425}.Release|Any CPU.Build.0 = Release|Any CPU
		{C03C5485-947A-43E9-9ACD-AD3C7DF60425}.Release|x64.ActiveCfg = Release|Any CPU
		{C03C5485-947A-43E9-9ACD-AD3C7DF60425}.Release|x64.Build.0 = Release|Any CPU
		{C03C5485-947A-43E9-9ACD-AD3C7DF60425}.Release|x86.ActiveCfg = Release|Any CPU
		{C03C5485-947A-43E9-9ACD-AD3C7DF60425}.Release|x86.Build.0 = Release|Any CPU
		{E0958F1C-6EE4-4DBC-8857-A46CB531CB11}.Debug|Any CPU.ActiveCfg = Debug|Any CPU
		{E0958F1C-6EE4-4DBC-8857-A46CB531CB11}.Debug|Any CPU.Build.0 = Debug|Any CPU
		{E0958F1C-6EE4-4DBC-8857-A46CB531CB11}.Debug|x64.ActiveCfg = Debug|Any CPU
		{E0958F1C-6EE4-4DBC-8857-A46CB531CB11}.Debug|x64.Build.0 = Debug|Any CPU
		{E0958F1C-6EE4-4DBC-8857-A46CB531CB11}.Debug|x86.ActiveCfg = Debug|Any CPU
		{E0958F1C-6EE4-4DBC-8857-A46CB531CB11}.Debug|x86.Build.0 = Debug|Any CPU
		{E0958F1C-6EE4-4DBC-8857-A46CB531CB11}.Release|Any CPU.ActiveCfg = Release|Any CPU
		{E0958F1C-6EE4-4DBC-8857-A46CB531CB11}.Release|Any CPU.Build.0 = Release|Any CPU
		{E0958F1C-6EE4-4DBC-8857-A46CB531CB11}.Release|x64.ActiveCfg = Release|Any CPU
		{E0958F1C-6EE4-4DBC-8857-A46CB531CB11}.Release|x64.Build.0 = Release|Any CPU
		{E0958F1C-6EE4-4DBC-8857-A46CB531CB11}.Release|x86.ActiveCfg = Release|Any CPU
		{E0958F1C-6EE4-4DBC-8857-A46CB531CB11}.Release|x86.Build.0 = Release|Any CPU
		{2F6B8F08-425E-4EF9-930A-87B85233EB68}.Debug|Any CPU.ActiveCfg = Debug|Any CPU
		{2F6B8F08-425E-4EF9-930A-87B85233EB68}.Debug|Any CPU.Build.0 = Debug|Any CPU
		{2F6B8F08-425E-4EF9-930A-87B85233EB68}.Debug|x64.ActiveCfg = Debug|Any CPU
		{2F6B8F08-425E-4EF9-930A-87B85233EB68}.Debug|x64.Build.0 = Debug|Any CPU
		{2F6B8F08-425E-4EF9-930A-87B85233EB68}.Debug|x86.ActiveCfg = Debug|Any CPU
		{2F6B8F08-425E-4EF9-930A-87B85233EB68}.Debug|x86.Build.0 = Debug|Any CPU
		{2F6B8F08-425E-4EF9-930A-87B85233EB68}.Release|Any CPU.ActiveCfg = Release|Any CPU
		{2F6B8F08-425E-4EF9-930A-87B85233EB68}.Release|Any CPU.Build.0 = Release|Any CPU
		{2F6B8F08-425E-4EF9-930A-87B85233EB68}.Release|x64.ActiveCfg = Release|Any CPU
		{2F6B8F08-425E-4EF9-930A-87B85233EB68}.Release|x64.Build.0 = Release|Any CPU
		{2F6B8F08-425E-4EF9-930A-87B85233EB68}.Release|x86.ActiveCfg = Release|Any CPU
		{2F6B8F08-425E-4EF9-930A-87B85233EB68}.Release|x86.Build.0 = Release|Any CPU
		{761F1359-2923-4032-8B2F-A7D313AEDB81}.Debug|Any CPU.ActiveCfg = Debug|Any CPU
		{761F1359-2923-4032-8B2F-A7D313AEDB81}.Debug|Any CPU.Build.0 = Debug|Any CPU
		{761F1359-2923-4032-8B2F-A7D313AEDB81}.Debug|x64.ActiveCfg = Debug|Any CPU
		{761F1359-2923-4032-8B2F-A7D313AEDB81}.Debug|x64.Build.0 = Debug|Any CPU
		{761F1359-2923-4032-8B2F-A7D313AEDB81}.Debug|x86.ActiveCfg = Debug|Any CPU
		{761F1359-2923-4032-8B2F-A7D313AEDB81}.Debug|x86.Build.0 = Debug|Any CPU
		{761F1359-2923-4032-8B2F-A7D313AEDB81}.Release|Any CPU.ActiveCfg = Release|Any CPU
		{761F1359-2923-4032-8B2F-A7D313AEDB81}.Release|Any CPU.Build.0 = Release|Any CPU
		{761F1359-2923-4032-8B2F-A7D313AEDB81}.Release|x64.ActiveCfg = Release|Any CPU
		{761F1359-2923-4032-8B2F-A7D313AEDB81}.Release|x64.Build.0 = Release|Any CPU
		{761F1359-2923-4032-8B2F-A7D313AEDB81}.Release|x86.ActiveCfg = Release|Any CPU
		{761F1359-2923-4032-8B2F-A7D313AEDB81}.Release|x86.Build.0 = Release|Any CPU
	EndGlobalSection
	GlobalSection(SolutionProperties) = preSolution
		HideSolutionNode = FALSE
	EndGlobalSection
	GlobalSection(NestedProjects) = preSolution
		{ACC35938-B4C6-4368-8A62-61564540C273} = {827E0CD3-B72D-47B6-A68D-7590B98EB39B}
		{E66E491D-E168-4FD5-8405-2D9706EEEE79} = {827E0CD3-B72D-47B6-A68D-7590B98EB39B}
		{9456F460-1051-48B6-930D-C79B800D097F} = {827E0CD3-B72D-47B6-A68D-7590B98EB39B}
		{A664D39C-43DB-4CF8-8CCC-14C7B9308485} = {827E0CD3-B72D-47B6-A68D-7590B98EB39B}
		{C03C5485-947A-43E9-9ACD-AD3C7DF60425} = {07C2787E-EAC7-C090-1BA3-A61EC2A24D84}
		{E0958F1C-6EE4-4DBC-8857-A46CB531CB11} = {07C2787E-EAC7-C090-1BA3-A61EC2A24D84}
		{2F6B8F08-425E-4EF9-930A-87B85233EB68} = {07C2787E-EAC7-C090-1BA3-A61EC2A24D84}
		{761F1359-2923-4032-8B2F-A7D313AEDB81} = {827E0CD3-B72D-47B6-A68D-7590B98EB39B}
	EndGlobalSection
EndGlobal
